{
  "pins" : [
    {
      "identity" : "aexml",
      "kind" : "remoteSourceControl",
      "location" : "https://github.com/tadija/AEXML.git",
      "state" : {
        "revision" : "38f7d00b23ecd891e1ee656fa6aeebd6ba04ecc3",
        "version" : "4.6.1"
      }
    },
    {
      "identity" : "pathkit",
      "kind" : "remoteSourceControl",
      "location" : "https://github.com/IlyaGulya/PathKit",
      "state" : {
        "branch" : "master",
        "revision" : "c78b4cca30d9aaa0006203fb3bdb6c70448aa5d1"
      }
    },
    {
      "identity" : "stencil",
      "kind" : "remoteSourceControl",
      "location" : "https://github.com/IlyaGulya/Stencil",
      "state" : {
        "branch" : "master",
        "revision" : "0cc497c52af9e0c98873d05ce2da5765ffb0973f"
      }
    },
    {
      "identity" : "stencilswiftkit",
      "kind" : "remoteSourceControl",
      "location" : "https://github.com/IlyaGulya/StencilSwiftKit",
      "state" : {
        "branch" : "stable",
        "revision" : "6292d1c883cf06d379bf651be225e8291bad046e"
      }
    },
    {
      "identity" : "swift-argument-parser",
      "kind" : "remoteSourceControl",
      "location" : "https://github.com/apple/swift-argument-parser",
      "state" : {
        "revision" : "41982a3656a71c768319979febd796c6fd111d5c",
        "version" : "1.5.0"
      }
    },
    {
      "identity" : "swift-custom-dump",
      "kind" : "remoteSourceControl",
      "location" : "https://github.com/pointfreeco/swift-custom-dump",
      "state" : {
        "revision" : "0a5bff05fe01dcd513932ed338a4efad8268b803",
        "version" : "0.11.2"
      }
    },
    {
      "identity" : "swift-log",
      "kind" : "remoteSourceControl",
      "location" : "https://github.com/apple/swift-log.git",
      "state" : {
        "revision" : "9cb486020ebf03bfa5b5df985387a14a98744537",
        "version" : "1.6.1"
      }
    },
    {
      "identity" : "xcodeproj",
      "kind" : "remoteSourceControl",
      "location" : "https://github.com/IlyaGulya/XcodeProj",
      "state" : {
        "branch" : "main",
        "revision" : "584f725d5dc78995ecdfb76ab699168a8b3b2f1f"
      }
    },
    {
      "identity" : "xctest-dynamic-overlay",
      "kind" : "remoteSourceControl",
      "location" : "https://github.com/pointfreeco/xctest-dynamic-overlay",
      "state" : {
        "revision" : "50843cbb8551db836adec2290bb4bc6bac5c1865",
        "version" : "0.9.0"
      }
    },
    {
      "identity" : "yams",
      "kind" : "remoteSourceControl",
      "location" : "https://github.com/IlyaGulya/Yams",
      "state" : {
        "branch" : "main",
        "revision" : "7130ae157a961249254bf5c8a4fc6e74fbeb4478"
      }
    }
  ],
  "version" : 2
}
